{
  "version": 4,
  "terraform_version": "1.12.2",
  "serial": 17,
  "lineage": "05aaa47a-79ee-02c8-19f0-5a0164843b4b",
  "outputs": {
    "application_urls": {
      "value": {
        "health_check": "http://3.109.155.48:8000/health",
        "main_application": "http://3.109.155.48:8000",
        "tools_endpoint": "http://3.109.155.48:8000/tools"
      },
      "type": [
        "object",
        {
          "health_check": "string",
          "main_application": "string",
          "tools_endpoint": "string"
        }
      ]
    },
    "deployment_status": {
      "value": {
        "container_check": "docker-compose ps",
        "database_check": "sudo -u postgres psql -d mcp_assistant -c 'SELECT 1;'",
        "health_check": "curl http://3.109.155.48:8000/health",
        "logs_check": "tail -f /opt/mcp-server/logs/mcp-server.log",
        "redis_check": "redis-cli ping",
        "status_check": "systemctl status mcp-server.service"
      },
      "type": [
        "object",
        {
          "container_check": "string",
          "database_check": "string",
          "health_check": "string",
          "logs_check": "string",
          "redis_check": "string",
          "status_check": "string"
        }
      ]
    },
    "ecr_repository_url": {
      "value": "590184134827.dkr.ecr.ap-south-1.amazonaws.com/minds-constructing-products-mcp-server",
      "type": "string"
    },
    "infrastructure_details": {
      "value": {
        "ami_id": "ami-05a4fc6eaa38ee23c",
        "application_port": 8000,
        "database_name": "mcp_assistant",
        "instance_id": "i-01b24ae19dc8aa1be",
        "instance_type": "t2.micro",
        "postgres_location": "Local (EC2 Instance)",
        "postgres_port": 5432,
        "redis_location": "Local (EC2 Instance)",
        "redis_port": 6379,
        "security_group_id": "sg-08b88466fde5b02d4",
        "subnet_id": "subnet-0cf7f738ec208d72f",
        "volume_size": 30,
        "vpc_id": "vpc-0c0dd8e5ff1269802"
      },
      "type": [
        "object",
        {
          "ami_id": "string",
          "application_port": "number",
          "database_name": "string",
          "instance_id": "string",
          "instance_type": "string",
          "postgres_location": "string",
          "postgres_port": "number",
          "redis_location": "string",
          "redis_port": "number",
          "security_group_id": "string",
          "subnet_id": "string",
          "volume_size": "number",
          "vpc_id": "string"
        }
      ]
    },
    "mcp_server_private_ip": {
      "value": "172.31.5.251",
      "type": "string"
    },
    "mcp_server_public_ip": {
      "value": "3.109.155.48",
      "type": "string"
    },
    "s3_bucket_name": {
      "value": "minds-constructing-products-mcp-data",
      "type": "string"
    },
    "ssh_connection": {
      "value": "ssh -i 'Minds-Constructing-Products-key.pem' ec2-user@3.109.155.48",
      "type": "string"
    },
    "troubleshooting_commands": {
      "value": {
        "check_containers": "cd /opt/mcp-server \u0026\u0026 docker-compose ps",
        "check_logs": "journalctl -u mcp-server.service -f",
        "check_ports": "netstat -tulpn | grep -E ':(8000|6379|5432)'",
        "check_resources": "free -h \u0026\u0026 df -h \u0026\u0026 docker stats",
        "check_services": "systemctl status postgresql-12 redis mcp-server.service",
        "restart_service": "systemctl restart mcp-server.service"
      },
      "type": [
        "object",
        {
          "check_containers": "string",
          "check_logs": "string",
          "check_ports": "string",
          "check_resources": "string",
          "check_services": "string",
          "restart_service": "string"
        }
      ]
    }
  },
  "resources": [
    {
      "mode": "data",
      "type": "aws_ami",
      "name": "amazon_linux_2",
      "provider": "provider[\"registry.terraform.io/hashicorp/aws\"]",
      "instances": [
        {
          "schema_version": 0,
          "attributes": {
            "architecture": "x86_64",
            "arn": "arn:aws:ec2:ap-south-1::image/ami-05a4fc6eaa38ee23c",
            "block_device_mappings": [
              {
                "device_name": "/dev/xvda",
                "ebs": {
                  "delete_on_termination": "true",
                  "encrypted": "false",
                  "iops": "0",
                  "snapshot_id": "snap-01eaea21d0eff3479",
                  "throughput": "0",
                  "volume_initialization_rate": "0",
                  "volume_size": "8",
                  "volume_type": "gp2"
                },
                "no_device": "",
                "virtual_name": ""
              }
            ],
            "boot_mode": "",
            "creation_date": "2025-07-29T01:24:26.000Z",
            "deprecation_time": "2025-10-27T01:24:00.000Z",
            "description": "Amazon Linux 2 AMI 2.0.20250728.1 x86_64 HVM gp2",
            "ena_support": true,
            "executable_users": null,
            "filter": [
              {
                "name": "name",
                "values": [
                  "amzn2-ami-hvm-*-x86_64-gp2"
                ]
              },
              {
                "name": "virtualization-type",
                "values": [
                  "hvm"
                ]
              }
            ],
            "hypervisor": "xen",
            "id": "ami-05a4fc6eaa38ee23c",
            "image_id": "ami-05a4fc6eaa38ee23c",
            "image_location": "amazon/amzn2-ami-hvm-2.0.20250728.1-x86_64-gp2",
            "image_owner_alias": "amazon",
            "image_type": "machine",
            "imds_support": "",
            "include_deprecated": false,
            "kernel_id": "",
            "last_launched_time": "",
            "most_recent": true,
            "name": "amzn2-ami-hvm-2.0.20250728.1-x86_64-gp2",
            "name_regex": null,
            "owner_id": "137112412989",
            "owners": [
              "amazon"
            ],
            "platform": "",
            "platform_details": "Linux/UNIX",
            "product_codes": [],
            "public": true,
            "ramdisk_id": "",
            "root_device_name": "/dev/xvda",
            "root_device_type": "ebs",
            "root_snapshot_id": "snap-01eaea21d0eff3479",
            "sriov_net_support": "simple",
            "state": "available",
            "state_reason": {
              "code": "UNSET",
              "message": "UNSET"
            },
            "tags": {},
            "timeouts": null,
            "tpm_support": "",
            "uefi_data": null,
            "usage_operation": "RunInstances",
            "virtualization_type": "hvm"
          },
          "sensitive_attributes": [],
          "identity_schema_version": 0
        }
      ]
    },
    {
      "mode": "data",
      "type": "aws_subnets",
      "name": "public",
      "provider": "provider[\"registry.terraform.io/hashicorp/aws\"]",
      "instances": [
        {
          "schema_version": 0,
          "attributes": {
            "filter": [
              {
                "name": "map-public-ip-on-launch",
                "values": [
                  "true"
                ]
              },
              {
                "name": "vpc-id",
                "values": [
                  "vpc-0c0dd8e5ff1269802"
                ]
              }
            ],
            "id": "ap-south-1",
            "ids": [
              "subnet-0cf7f738ec208d72f",
              "subnet-0fef779466c4f52c4",
              "subnet-00483a407219b706c"
            ],
            "tags": null,
            "timeouts": null
          },
          "sensitive_attributes": [],
          "identity_schema_version": 0
        }
      ]
    },
    {
      "mode": "data",
      "type": "aws_vpc",
      "name": "default",
      "provider": "provider[\"registry.terraform.io/hashicorp/aws\"]",
      "instances": [
        {
          "schema_version": 0,
          "attributes": {
            "arn": "arn:aws:ec2:ap-south-1:590184134827:vpc/vpc-0c0dd8e5ff1269802",
            "cidr_block": "172.31.0.0/16",
            "cidr_block_associations": [
              {
                "association_id": "vpc-cidr-assoc-05481429e45e575b8",
                "cidr_block": "172.31.0.0/16",
                "state": "associated"
              }
            ],
            "default": true,
            "dhcp_options_id": "dopt-0b7da407dc22bbf21",
            "enable_dns_hostnames": true,
            "enable_dns_support": true,
            "enable_network_address_usage_metrics": false,
            "filter": null,
            "id": "vpc-0c0dd8e5ff1269802",
            "instance_tenancy": "default",
            "ipv6_association_id": "",
            "ipv6_cidr_block": "",
            "main_route_table_id": "rtb-0c40ba7aebcd69239",
            "owner_id": "590184134827",
            "state": null,
            "tags": {},
            "timeouts": null
          },
          "sensitive_attributes": [],
          "identity_schema_version": 0
        }
      ]
    },
    {
      "mode": "managed",
      "type": "aws_cloudwatch_log_group",
      "name": "mcp_logs",
      "provider": "provider[\"registry.terraform.io/hashicorp/aws\"]",
      "instances": [
        {
          "schema_version": 0,
          "attributes": {
            "arn": "arn:aws:logs:ap-south-1:590184134827:log-group:/aws/mcp-server",
            "id": "/aws/mcp-server",
            "kms_key_id": "",
            "log_group_class": "STANDARD",
            "name": "/aws/mcp-server",
            "name_prefix": "",
            "retention_in_days": 7,
            "skip_destroy": false,
            "tags": {
              "Name": "MCP-Server-Logs"
            },
            "tags_all": {
              "Environment": "production",
              "Name": "MCP-Server-Logs",
              "Project": "MCP-Server",
              "Team": "Minds-Constructing-Products"
            }
          },
          "sensitive_attributes": [],
          "identity_schema_version": 0,
          "private": "bnVsbA=="
        }
      ]
    },
    {
      "mode": "managed",
      "type": "aws_ecr_repository",
      "name": "mcp_server",
      "provider": "provider[\"registry.terraform.io/hashicorp/aws\"]",
      "instances": [
        {
          "schema_version": 0,
          "attributes": {
            "arn": "arn:aws:ecr:ap-south-1:590184134827:repository/minds-constructing-products-mcp-server",
            "encryption_configuration": [
              {
                "encryption_type": "AES256",
                "kms_key": ""
              }
            ],
            "force_delete": null,
            "id": "minds-constructing-products-mcp-server",
            "image_scanning_configuration": [
              {
                "scan_on_push": true
              }
            ],
            "image_tag_mutability": "MUTABLE",
            "name": "minds-constructing-products-mcp-server",
            "registry_id": "590184134827",
            "repository_url": "590184134827.dkr.ecr.ap-south-1.amazonaws.com/minds-constructing-products-mcp-server",
            "tags": {
              "Name": "MCP-Server-ECR"
            },
            "tags_all": {
              "Environment": "production",
              "Name": "MCP-Server-ECR",
              "Project": "MCP-Server",
              "Team": "Minds-Constructing-Products"
            },
            "timeouts": null
          },
          "sensitive_attributes": [],
          "identity_schema_version": 0,
          "private": "eyJlMmJmYjczMC1lY2FhLTExZTYtOGY4OC0zNDM2M2JjN2M0YzAiOnsiZGVsZXRlIjoxMjAwMDAwMDAwMDAwfX0="
        }
      ]
    },
    {
      "mode": "managed",
      "type": "aws_instance",
      "name": "mcp_server",
      "provider": "provider[\"registry.terraform.io/hashicorp/aws\"]",
      "instances": [
        {
          "schema_version": 1,
          "attributes": {
            "ami": "ami-05a4fc6eaa38ee23c",
            "arn": "arn:aws:ec2:ap-south-1:590184134827:instance/i-01b24ae19dc8aa1be",
            "associate_public_ip_address": true,
            "availability_zone": "ap-south-1b",
            "capacity_reservation_specification": [
              {
                "capacity_reservation_preference": "open",
                "capacity_reservation_target": []
              }
            ],
            "cpu_core_count": 1,
            "cpu_options": [
              {
                "amd_sev_snp": "",
                "core_count": 1,
                "threads_per_core": 1
              }
            ],
            "cpu_threads_per_core": 1,
            "credit_specification": [
              {
                "cpu_credits": "standard"
              }
            ],
            "disable_api_stop": false,
            "disable_api_termination": false,
            "ebs_block_device": [],
            "ebs_optimized": false,
            "enable_primary_ipv6": null,
            "enclave_options": [
              {
                "enabled": false
              }
            ],
            "ephemeral_block_device": [],
            "get_password_data": false,
            "hibernation": false,
            "host_id": "",
            "host_resource_group_arn": null,
            "iam_instance_profile": "",
            "id": "i-01b24ae19dc8aa1be",
            "instance_initiated_shutdown_behavior": "stop",
            "instance_lifecycle": "",
            "instance_market_options": [],
            "instance_state": "running",
            "instance_type": "t2.micro",
            "ipv6_address_count": 0,
            "ipv6_addresses": [],
            "key_name": "Minds-Constructing-Products-key",
            "launch_template": [],
            "maintenance_options": [
              {
                "auto_recovery": "default"
              }
            ],
            "metadata_options": [
              {
                "http_endpoint": "enabled",
                "http_protocol_ipv6": "disabled",
                "http_put_response_hop_limit": 1,
                "http_tokens": "required",
                "instance_metadata_tags": "disabled"
              }
            ],
            "monitoring": false,
            "network_interface": [],
            "outpost_arn": "",
            "password_data": "",
            "placement_group": "",
            "placement_partition_number": 0,
            "primary_network_interface_id": "eni-0c1ad923f74f360fc",
            "private_dns": "ip-172-31-5-251.ap-south-1.compute.internal",
            "private_dns_name_options": [
              {
                "enable_resource_name_dns_a_record": false,
                "enable_resource_name_dns_aaaa_record": false,
                "hostname_type": "ip-name"
              }
            ],
            "private_ip": "172.31.5.251",
            "public_dns": "ec2-3-109-155-48.ap-south-1.compute.amazonaws.com",
            "public_ip": "3.109.155.48",
            "root_block_device": [
              {
                "delete_on_termination": true,
                "device_name": "/dev/xvda",
                "encrypted": true,
                "iops": 3000,
                "kms_key_id": "arn:aws:kms:ap-south-1:590184134827:key/cebc260c-4704-4bee-81c3-5126238f94fb",
                "tags": null,
                "tags_all": {
                  "Environment": "production",
                  "Name": "Minds-Constructing-Products",
                  "Project": "MCP-Server",
                  "Team": "Minds-Constructing-Products"
                },
                "throughput": 125,
                "volume_id": "vol-0d8c7249b5e2d8b19",
                "volume_size": 30,
                "volume_type": "gp3"
              }
            ],
            "secondary_private_ips": [],
            "security_groups": [
              "mcp-server-sg20250802123726411900000001"
            ],
            "source_dest_check": true,
            "spot_instance_request_id": "",
            "subnet_id": "subnet-0cf7f738ec208d72f",
            "tags": {
              "Name": "MCP-Server-Instance"
            },
            "tags_all": {
              "Environment": "production",
              "Name": "MCP-Server-Instance",
              "Project": "MCP-Server",
              "Team": "Minds-Constructing-Products"
            },
            "tenancy": "default",
            "timeouts": null,
            "user_data": "408623b120bcc1090008145250371ecc8b34025d",
            "user_data_base64": null,
            "user_data_replace_on_change": false,
            "volume_tags": null,
            "vpc_security_group_ids": [
              "sg-08b88466fde5b02d4"
            ]
          },
          "sensitive_attributes": [],
          "identity_schema_version": 0,
          "private": "eyJlMmJmYjczMC1lY2FhLTExZTYtOGY4OC0zNDM2M2JjN2M0YzAiOnsiY3JlYXRlIjo2MDAwMDAwMDAwMDAsImRlbGV0ZSI6MTIwMDAwMDAwMDAwMCwicmVhZCI6OTAwMDAwMDAwMDAwLCJ1cGRhdGUiOjYwMDAwMDAwMDAwMH0sInNjaGVtYV92ZXJzaW9uIjoiMSJ9",
          "dependencies": [
            "aws_security_group.mcp_server",
            "data.aws_ami.amazon_linux_2",
            "data.aws_subnets.public",
            "data.aws_vpc.default"
          ]
        }
      ]
    },
    {
      "mode": "managed",
      "type": "aws_s3_bucket",
      "name": "mcp_data",
      "provider": "provider[\"registry.terraform.io/hashicorp/aws\"]",
      "instances": [
        {
          "schema_version": 0,
          "attributes": {
            "acceleration_status": "",
            "acl": null,
            "arn": "arn:aws:s3:::minds-constructing-products-mcp-data",
            "bucket": "minds-constructing-products-mcp-data",
            "bucket_domain_name": "minds-constructing-products-mcp-data.s3.amazonaws.com",
            "bucket_prefix": "",
            "bucket_regional_domain_name": "minds-constructing-products-mcp-data.s3.ap-south-1.amazonaws.com",
            "cors_rule": [],
            "force_destroy": false,
            "grant": [
              {
                "id": "fe70cc254d0183fc471177fc8e1efc68a0ab1d076150bef1d9410b558cf94a38",
                "permissions": [
                  "FULL_CONTROL"
                ],
                "type": "CanonicalUser",
                "uri": ""
              }
            ],
            "hosted_zone_id": "Z11RGJOFQNVJUP",
            "id": "minds-constructing-products-mcp-data",
            "lifecycle_rule": [],
            "logging": [],
            "object_lock_configuration": [],
            "object_lock_enabled": false,
            "policy": "",
            "region": "ap-south-1",
            "replication_configuration": [],
            "request_payer": "BucketOwner",
            "server_side_encryption_configuration": [
              {
                "rule": [
                  {
                    "apply_server_side_encryption_by_default": [
                      {
                        "kms_master_key_id": "",
                        "sse_algorithm": "AES256"
                      }
                    ],
                    "bucket_key_enabled": false
                  }
                ]
              }
            ],
            "tags": {
              "Name": "MCP-Data-Bucket"
            },
            "tags_all": {
              "Environment": "production",
              "Name": "MCP-Data-Bucket",
              "Project": "MCP-Server",
              "Team": "Minds-Constructing-Products"
            },
            "timeouts": null,
            "versioning": [
              {
                "enabled": true,
                "mfa_delete": false
              }
            ],
            "website": [],
            "website_domain": null,
            "website_endpoint": null
          },
          "sensitive_attributes": [],
          "identity_schema_version": 0,
          "private": "eyJlMmJmYjczMC1lY2FhLTExZTYtOGY4OC0zNDM2M2JjN2M0YzAiOnsiY3JlYXRlIjoxMjAwMDAwMDAwMDAwLCJkZWxldGUiOjM2MDAwMDAwMDAwMDAsInJlYWQiOjEyMDAwMDAwMDAwMDAsInVwZGF0ZSI6MTIwMDAwMDAwMDAwMH19"
        }
      ]
    },
    {
      "mode": "managed",
      "type": "aws_s3_bucket_server_side_encryption_configuration",
      "name": "mcp_data",
      "provider": "provider[\"registry.terraform.io/hashicorp/aws\"]",
      "instances": [
        {
          "schema_version": 0,
          "attributes": {
            "bucket": "minds-constructing-products-mcp-data",
            "expected_bucket_owner": "",
            "id": "minds-constructing-products-mcp-data",
            "rule": [
              {
                "apply_server_side_encryption_by_default": [
                  {
                    "kms_master_key_id": "",
                    "sse_algorithm": "AES256"
                  }
                ],
                "bucket_key_enabled": false
              }
            ]
          },
          "sensitive_attributes": [],
          "identity_schema_version": 0,
          "private": "bnVsbA==",
          "dependencies": [
            "aws_s3_bucket.mcp_data"
          ]
        }
      ]
    },
    {
      "mode": "managed",
      "type": "aws_s3_bucket_versioning",
      "name": "mcp_data",
      "provider": "provider[\"registry.terraform.io/hashicorp/aws\"]",
      "instances": [
        {
          "schema_version": 0,
          "attributes": {
            "bucket": "minds-constructing-products-mcp-data",
            "expected_bucket_owner": "",
            "id": "minds-constructing-products-mcp-data",
            "mfa": null,
            "versioning_configuration": [
              {
                "mfa_delete": "",
                "status": "Enabled"
              }
            ]
          },
          "sensitive_attributes": [],
          "identity_schema_version": 0,
          "private": "bnVsbA==",
          "dependencies": [
            "aws_s3_bucket.mcp_data"
          ]
        }
      ]
    },
    {
      "mode": "managed",
      "type": "aws_security_group",
      "name": "mcp_server",
      "provider": "provider[\"registry.terraform.io/hashicorp/aws\"]",
      "instances": [
        {
          "schema_version": 1,
          "attributes": {
            "arn": "arn:aws:ec2:ap-south-1:590184134827:security-group/sg-08b88466fde5b02d4",
            "description": "Security group for MCP Server",
            "egress": [
              {
                "cidr_blocks": [
                  "0.0.0.0/0"
                ],
                "description": "",
                "from_port": 0,
                "ipv6_cidr_blocks": [],
                "prefix_list_ids": [],
                "protocol": "-1",
                "security_groups": [],
                "self": false,
                "to_port": 0
              }
            ],
            "id": "sg-08b88466fde5b02d4",
            "ingress": [
              {
                "cidr_blocks": [
                  "0.0.0.0/0"
                ],
                "description": "MCP Server",
                "from_port": 8000,
                "ipv6_cidr_blocks": [],
                "prefix_list_ids": [],
                "protocol": "tcp",
                "security_groups": [],
                "self": false,
                "to_port": 8000
              },
              {
                "cidr_blocks": [
                  "0.0.0.0/0"
                ],
                "description": "PostgreSQL",
                "from_port": 5432,
                "ipv6_cidr_blocks": [],
                "prefix_list_ids": [],
                "protocol": "tcp",
                "security_groups": [],
                "self": false,
                "to_port": 5432
              },
              {
                "cidr_blocks": [
                  "0.0.0.0/0"
                ],
                "description": "Redis",
                "from_port": 6379,
                "ipv6_cidr_blocks": [],
                "prefix_list_ids": [],
                "protocol": "tcp",
                "security_groups": [],
                "self": false,
                "to_port": 6379
              },
              {
                "cidr_blocks": [
                  "0.0.0.0/0"
                ],
                "description": "SSH",
                "from_port": 22,
                "ipv6_cidr_blocks": [],
                "prefix_list_ids": [],
                "protocol": "tcp",
                "security_groups": [],
                "self": false,
                "to_port": 22
              }
            ],
            "name": "mcp-server-sg20250802123726411900000001",
            "name_prefix": "mcp-server-sg",
            "owner_id": "590184134827",
            "revoke_rules_on_delete": false,
            "tags": {
              "Name": "MCP-Server-Security-Group"
            },
            "tags_all": {
              "Environment": "production",
              "Name": "MCP-Server-Security-Group",
              "Project": "MCP-Server",
              "Team": "Minds-Constructing-Products"
            },
            "timeouts": null,
            "vpc_id": "vpc-0c0dd8e5ff1269802"
          },
          "sensitive_attributes": [],
          "identity_schema_version": 0,
          "private": "eyJlMmJmYjczMC1lY2FhLTExZTYtOGY4OC0zNDM2M2JjN2M0YzAiOnsiY3JlYXRlIjo2MDAwMDAwMDAwMDAsImRlbGV0ZSI6OTAwMDAwMDAwMDAwfSwic2NoZW1hX3ZlcnNpb24iOiIxIn0=",
          "dependencies": [
            "data.aws_vpc.default"
          ]
        }
      ]
    },
    {
      "mode": "managed",
      "type": "random_password",
      "name": "db_password",
      "provider": "provider[\"registry.terraform.io/hashicorp/random\"]",
      "instances": [
        {
          "schema_version": 3,
          "attributes": {
            "bcrypt_hash": "$2a$10$VPR4.Rbr6fu0bf2Z3rhR1esXSs8PbrGK4xAjLgPymmIVO8EwJC.Ie",
            "id": "none",
            "keepers": null,
            "length": 16,
            "lower": true,
            "min_lower": 0,
            "min_numeric": 0,
            "min_special": 0,
            "min_upper": 0,
            "number": true,
            "numeric": true,
            "override_special": null,
            "result": "1qfHD6jsaLq4MORw",
            "special": false,
            "upper": true
          },
          "sensitive_attributes": [
            [
              {
                "type": "get_attr",
                "value": "bcrypt_hash"
              }
            ],
            [
              {
                "type": "get_attr",
                "value": "result"
              }
            ]
          ],
          "identity_schema_version": 0
        }
      ]
    }
  ],
  "check_results": null
}
